
Microsoft Visual Studio Solution File, Format Version 12.00
# Visual Studio Version 16
VisualStudioVersion = 16.0.31205.134
MinimumVisualStudioVersion = 10.0.40219.1
Project("{9A19103F-16F7-4668-BE54-9A1E7A4F7556}") = "App.Server", "App\Server\App.Server.csproj", "{A7E70F23-9095-4BD5-BF7B-26516358287B}"
EndProject
Project("{9A19103F-16F7-4668-BE54-9A1E7A4F7556}") = "App.Client", "App\Client\App.Client.csproj", "{C74B1477-D88A-4FF6-B505-F4CEA2E538EA}"
EndProject
Project("{9A19103F-16F7-4668-BE54-9A1E7A4F7556}") = "App.Shared", "App\Shared\App.Shared.csproj", "{37968CF5-51F3-4AFA-9E85-4778CC592DC7}"
EndProject
Project("{FAE04EC0-301F-11D3-BF4B-00C04F79EFBC}") = "Scheduling", "Scheduling\Scheduling.csproj", "{5E06DE08-3065-47C6-AAA9-CFAB80CDBF61}"
EndProject
Global
	GlobalSection(SolutionConfigurationPlatforms) = preSolution
		Debug|Any CPU = Debug|Any CPU
		Release|Any CPU = Release|Any CPU
	EndGlobalSection
	GlobalSection(ProjectConfigurationPlatforms) = postSolution
		{A7E70F23-9095-4BD5-BF7B-26516358287B}.Debug|Any CPU.ActiveCfg = Debug|Any CPU
		{A7E70F23-9095-4BD5-BF7B-26516358287B}.Debug|Any CPU.Build.0 = Debug|Any CPU
		{A7E70F23-9095-4BD5-BF7B-26516358287B}.Release|Any CPU.ActiveCfg = Release|Any CPU
		{A7E70F23-9095-4BD5-BF7B-26516358287B}.Release|Any CPU.Build.0 = Release|Any CPU
		{C74B1477-D88A-4FF6-B505-F4CEA2E538EA}.Debug|Any CPU.ActiveCfg = Debug|Any CPU
		{C74B1477-D88A-4FF6-B505-F4CEA2E538EA}.Debug|Any CPU.Build.0 = Debug|Any CPU
		{C74B1477-D88A-4FF6-B505-F4CEA2E538EA}.Release|Any CPU.ActiveCfg = Release|Any CPU
		{C74B1477-D88A-4FF6-B505-F4CEA2E538EA}.Release|Any CPU.Build.0 = Release|Any CPU
		{37968CF5-51F3-4AFA-9E85-4778CC592DC7}.Debug|Any CPU.ActiveCfg = Debug|Any CPU
		{37968CF5-51F3-4AFA-9E85-4778CC592DC7}.Debug|Any CPU.Build.0 = Debug|Any CPU
		{37968CF5-51F3-4AFA-9E85-4778CC592DC7}.Release|Any CPU.ActiveCfg = Release|Any CPU
		{37968CF5-51F3-4AFA-9E85-4778CC592DC7}.Release|Any CPU.Build.0 = Release|Any CPU
		{5E06DE08-3065-47C6-AAA9-CFAB80CDBF61}.Debug|Any CPU.ActiveCfg = Debug|Any CPU
		{5E06DE08-3065-47C6-AAA9-CFAB80CDBF61}.Debug|Any CPU.Build.0 = Debug|Any CPU
		{5E06DE08-3065-47C6-AAA9-CFAB80CDBF61}.Release|Any CPU.ActiveCfg = Release|Any CPU
		{5E06DE08-3065-47C6-AAA9-CFAB80CDBF61}.Release|Any CPU.Build.0 = Release|Any CPU
	EndGlobalSection
	GlobalSection(SolutionProperties) = preSolution
		HideSolutionNode = FALSE
	EndGlobalSection
	GlobalSection(ExtensibilityGlobals) = postSolution
		SolutionGuid = {CBD98C67-DAEC-45A6-9F12-BF910263FC90}
	EndGlobalSection
EndGlobal
